// !$*UTF8*$!
{
	archiveVersion = 1;
	classes = {
	};
	objectVersion = 46;
	objects = {

/* Begin PBXBuildFile section */
		1ABE12D51C9744D0005923BA /* AppDelegate.swift in Sources */ = {isa = PBXBuildFile; fileRef = 1ABE12D41C9744D0005923BA /* AppDelegate.swift */; };
		1ABE12D71C9744D0005923BA /* RoarNavigationController.swift in Sources */ = {isa = PBXBuildFile; fileRef = 1ABE12D61C9744D0005923BA /* RoarNavigationController.swift */; };
		1ABE12D91C9744D0005923BA /* RoarProfileViewController.swift in Sources */ = {isa = PBXBuildFile; fileRef = 1ABE12D81C9744D0005923BA /* RoarProfileViewController.swift */; };
		1ABE12DC1C9744D0005923BA /* Main.storyboard in Resources */ = {isa = PBXBuildFile; fileRef = 1ABE12DA1C9744D0005923BA /* Main.storyboard */; };
		1ABE12DE1C9744D0005923BA /* Assets.xcassets in Resources */ = {isa = PBXBuildFile; fileRef = 1ABE12DD1C9744D0005923BA /* Assets.xcassets */; };
		1ABE12E11C9744D0005923BA /* LaunchScreen.storyboard in Resources */ = {isa = PBXBuildFile; fileRef = 1ABE12DF1C9744D0005923BA /* LaunchScreen.storyboard */; };
		1ABE12EA1C9750A6005923BA /* RoarTableViewController.swift in Sources */ = {isa = PBXBuildFile; fileRef = 1ABE12E91C9750A6005923BA /* RoarTableViewController.swift */; };
		1ABE12EC1C9751E6005923BA /* RoarMessage.swift in Sources */ = {isa = PBXBuildFile; fileRef = 1ABE12EB1C9751E6005923BA /* RoarMessage.swift */; };
		1ABE12EE1C97521C005923BA /* RoarTableViewCell.swift in Sources */ = {isa = PBXBuildFile; fileRef = 1ABE12ED1C97521C005923BA /* RoarTableViewCell.swift */; };
		1ABE12F01C975321005923BA /* RoarTableViewCell.xib in Resources */ = {isa = PBXBuildFile; fileRef = 1ABE12EF1C975321005923BA /* RoarTableViewCell.xib */; };
		1ABE12F21C9756A2005923BA /* RoarConnectivityController.swift in Sources */ = {isa = PBXBuildFile; fileRef = 1ABE12F11C9756A2005923BA /* RoarConnectivityController.swift */; };
		1ABE13081C976A4B005923BA /* CryptoSwift.framework in Frameworks */ = {isa = PBXBuildFile; fileRef = 1ABE12FD1C976A1F005923BA /* CryptoSwift.framework */; };
		1ABE130A1C976A5A005923BA /* CryptoSwift.framework in Embed Frameworks */ = {isa = PBXBuildFile; fileRef = 1ABE12FD1C976A1F005923BA /* CryptoSwift.framework */; settings = {ATTRIBUTES = (CodeSignOnCopy, RemoveHeadersOnCopy, ); }; };
		1AF2D0671C97856300670C89 /* RoarComposeViewController.swift in Sources */ = {isa = PBXBuildFile; fileRef = 1AF2D0661C97856300670C89 /* RoarComposeViewController.swift */; };
/* End PBXBuildFile section */

/* Begin PBXContainerItemProxy section */
		1ABE12FC1C976A1F005923BA /* PBXContainerItemProxy */ = {
			isa = PBXContainerItemProxy;
			containerPortal = 1ABE12F41C976A1F005923BA /* CryptoSwift.xcodeproj */;
			proxyType = 2;
			remoteGlobalIDString = 754BE45519693E190098E6F3;
			remoteInfo = "CryptoSwift iOS";
		};
		1ABE12FE1C976A1F005923BA /* PBXContainerItemProxy */ = {
			isa = PBXContainerItemProxy;
			containerPortal = 1ABE12F41C976A1F005923BA /* CryptoSwift.xcodeproj */;
			proxyType = 2;
			remoteGlobalIDString = 5596BDBB1BC8F220007E38D5;
			remoteInfo = "CryptoSwift watchOS";
		};
		1ABE13001C976A1F005923BA /* PBXContainerItemProxy */ = {
			isa = PBXContainerItemProxy;
			containerPortal = 1ABE12F41C976A1F005923BA /* CryptoSwift.xcodeproj */;
			proxyType = 2;
			remoteGlobalIDString = 75DF77721BC8EB59006E9520;
			remoteInfo = "CryptoSwift OSX";
		};
		1ABE13021C976A1F005923BA /* PBXContainerItemProxy */ = {
			isa = PBXContainerItemProxy;
			containerPortal = 1ABE12F41C976A1F005923BA /* CryptoSwift.xcodeproj */;
			proxyType = 2;
			remoteGlobalIDString = 75D614BF1BD844F2001358B2;
			remoteInfo = "CryptoSwift tvOS";
		};
		1ABE13041C976A1F005923BA /* PBXContainerItemProxy */ = {
			isa = PBXContainerItemProxy;
			containerPortal = 1ABE12F41C976A1F005923BA /* CryptoSwift.xcodeproj */;
			proxyType = 2;
			remoteGlobalIDString = 754BE46019693E190098E6F3;
			remoteInfo = CryptoSwiftTests;
		};
		1ABE13061C976A43005923BA /* PBXContainerItemProxy */ = {
			isa = PBXContainerItemProxy;
			containerPortal = 1ABE12F41C976A1F005923BA /* CryptoSwift.xcodeproj */;
			proxyType = 1;
			remoteGlobalIDString = 754BE45419693E190098E6F3;
			remoteInfo = "CryptoSwift iOS";
		};
		1ABE130B1C976A5A005923BA /* PBXContainerItemProxy */ = {
			isa = PBXContainerItemProxy;
			containerPortal = 1ABE12F41C976A1F005923BA /* CryptoSwift.xcodeproj */;
			proxyType = 1;
			remoteGlobalIDString = 754BE45419693E190098E6F3;
			remoteInfo = "CryptoSwift iOS";
		};
/* End PBXContainerItemProxy section */

/* Begin PBXCopyFilesBuildPhase section */
		1ABE130D1C976A5A005923BA /* Embed Frameworks */ = {
			isa = PBXCopyFilesBuildPhase;
			buildActionMask = 2147483647;
			dstPath = "";
			dstSubfolderSpec = 10;
			files = (
				1ABE130A1C976A5A005923BA /* CryptoSwift.framework in Embed Frameworks */,
			);
			name = "Embed Frameworks";
			runOnlyForDeploymentPostprocessing = 0;
		};
/* End PBXCopyFilesBuildPhase section */

/* Begin PBXFileReference section */
		1ABE12D11C9744D0005923BA /* Roar.app */ = {isa = PBXFileReference; explicitFileType = wrapper.application; includeInIndex = 0; path = Roar.app; sourceTree = BUILT_PRODUCTS_DIR; };
		1ABE12D41C9744D0005923BA /* AppDelegate.swift */ = {isa = PBXFileReference; lastKnownFileType = sourcecode.swift; path = AppDelegate.swift; sourceTree = "<group>"; };
		1ABE12D61C9744D0005923BA /* RoarNavigationController.swift */ = {isa = PBXFileReference; lastKnownFileType = sourcecode.swift; path = RoarNavigationController.swift; sourceTree = "<group>"; };
		1ABE12D81C9744D0005923BA /* RoarProfileViewController.swift */ = {isa = PBXFileReference; lastKnownFileType = sourcecode.swift; path = RoarProfileViewController.swift; sourceTree = "<group>"; };
		1ABE12DB1C9744D0005923BA /* Base */ = {isa = PBXFileReference; lastKnownFileType = file.storyboard; name = Base; path = Base.lproj/Main.storyboard; sourceTree = "<group>"; };
		1ABE12DD1C9744D0005923BA /* Assets.xcassets */ = {isa = PBXFileReference; lastKnownFileType = folder.assetcatalog; path = Assets.xcassets; sourceTree = "<group>"; };
		1ABE12E01C9744D0005923BA /* Base */ = {isa = PBXFileReference; lastKnownFileType = file.storyboard; name = Base; path = Base.lproj/LaunchScreen.storyboard; sourceTree = "<group>"; };
		1ABE12E21C9744D0005923BA /* Info.plist */ = {isa = PBXFileReference; lastKnownFileType = text.plist.xml; path = Info.plist; sourceTree = "<group>"; };
		1ABE12E91C9750A6005923BA /* RoarTableViewController.swift */ = {isa = PBXFileReference; fileEncoding = 4; lastKnownFileType = sourcecode.swift; path = RoarTableViewController.swift; sourceTree = "<group>"; };
		1ABE12EB1C9751E6005923BA /* RoarMessage.swift */ = {isa = PBXFileReference; fileEncoding = 4; lastKnownFileType = sourcecode.swift; path = RoarMessage.swift; sourceTree = "<group>"; xcLanguageSpecificationIdentifier = xcode.lang.swift; };
		1ABE12ED1C97521C005923BA /* RoarTableViewCell.swift */ = {isa = PBXFileReference; fileEncoding = 4; lastKnownFileType = sourcecode.swift; path = RoarTableViewCell.swift; sourceTree = "<group>"; };
		1ABE12EF1C975321005923BA /* RoarTableViewCell.xib */ = {isa = PBXFileReference; fileEncoding = 4; lastKnownFileType = file.xib; path = RoarTableViewCell.xib; sourceTree = "<group>"; };
		1ABE12F11C9756A2005923BA /* RoarConnectivityController.swift */ = {isa = PBXFileReference; fileEncoding = 4; lastKnownFileType = sourcecode.swift; path = RoarConnectivityController.swift; sourceTree = "<group>"; };
		1ABE12F41C976A1F005923BA /* CryptoSwift.xcodeproj */ = {isa = PBXFileReference; lastKnownFileType = "wrapper.pb-project"; name = CryptoSwift.xcodeproj; path = CryptoSwift/CryptoSwift.xcodeproj; sourceTree = "<group>"; };
		1AF2D0661C97856300670C89 /* RoarComposeViewController.swift */ = {isa = PBXFileReference; fileEncoding = 4; lastKnownFileType = sourcecode.swift; path = RoarComposeViewController.swift; sourceTree = "<group>"; };
/* End PBXFileReference section */

/* Begin PBXFrameworksBuildPhase section */
		1ABE12CE1C9744D0005923BA /* Frameworks */ = {
			isa = PBXFrameworksBuildPhase;
			buildActionMask = 2147483647;
			files = (
				1ABE13081C976A4B005923BA /* CryptoSwift.framework in Frameworks */,
			);
			runOnlyForDeploymentPostprocessing = 0;
		};
/* End PBXFrameworksBuildPhase section */

/* Begin PBXGroup section */
		1ABE12C81C9744D0005923BA = {
			isa = PBXGroup;
			children = (
				1ABE12D21C9744D0005923BA /* Products */,
				1ABE12D31C9744D0005923BA /* Roar */,
				1ABE12F41C976A1F005923BA /* CryptoSwift.xcodeproj */,
			);
			sourceTree = "<group>";
		};
		1ABE12D21C9744D0005923BA /* Products */ = {
			isa = PBXGroup;
			children = (
				1ABE12D11C9744D0005923BA /* Roar.app */,
			);
			name = Products;
			sourceTree = "<group>";
		};
		1ABE12D31C9744D0005923BA /* Roar */ = {
			isa = PBXGroup;
			children = (
				1ABE12D41C9744D0005923BA /* AppDelegate.swift */,
				1ABE12D61C9744D0005923BA /* RoarNavigationController.swift */,
				1ABE12E91C9750A6005923BA /* RoarTableViewController.swift */,
				1ABE12F11C9756A2005923BA /* RoarConnectivityController.swift */,
				1ABE12ED1C97521C005923BA /* RoarTableViewCell.swift */,
				1ABE12EB1C9751E6005923BA /* RoarMessage.swift */,
				1AF2D0661C97856300670C89 /* RoarComposeViewController.swift */,
				1ABE12DA1C9744D0005923BA /* Main.storyboard */,
				1ABE12EF1C975321005923BA /* RoarTableViewCell.xib */,
				1ABE12D81C9744D0005923BA /* RoarProfileViewController.swift */,
				1ABE12DD1C9744D0005923BA /* Assets.xcassets */,
				1ABE12DF1C9744D0005923BA /* LaunchScreen.storyboard */,
				1ABE12E21C9744D0005923BA /* Info.plist */,
			);
			path = Roar;
			sourceTree = "<group>";
		};
		1ABE12F51C976A1F005923BA /* Products */ = {
			isa = PBXGroup;
			children = (
				1ABE12FD1C976A1F005923BA /* CryptoSwift.framework */,
				1ABE12FF1C976A1F005923BA /* CryptoSwift.framework */,
				1ABE13011C976A1F005923BA /* CryptoSwift.framework */,
				1ABE13031C976A1F005923BA /* CryptoSwift.framework */,
				1ABE13051C976A1F005923BA /* CryptoSwiftTests.xctest */,
			);
			name = Products;
			sourceTree = "<group>";
		};
/* End PBXGroup section */

/* Begin PBXNativeTarget section */
		1ABE12D01C9744D0005923BA /* Roar */ = {
			isa = PBXNativeTarget;
			buildConfigurationList = 1ABE12E51C9744D0005923BA /* Build configuration list for PBXNativeTarget "Roar" */;
			buildPhases = (
				1ABE12CD1C9744D0005923BA /* Sources */,
				1ABE12CE1C9744D0005923BA /* Frameworks */,
				1ABE12CF1C9744D0005923BA /* Resources */,
				1ABE130D1C976A5A005923BA /* Embed Frameworks */,
			);
			buildRules = (
			);
			dependencies = (
				1ABE13071C976A43005923BA /* PBXTargetDependency */,
				1ABE130C1C976A5A005923BA /* PBXTargetDependency */,
			);
			name = Roar;
			productName = Roar;
			productReference = 1ABE12D11C9744D0005923BA /* Roar.app */;
			productType = "com.apple.product-type.application";
		};
/* End PBXNativeTarget section */

/* Begin PBXProject section */
		1ABE12C91C9744D0005923BA /* Project object */ = {
			isa = PBXProject;
			attributes = {
				LastSwiftUpdateCheck = 0720;
				LastUpgradeCheck = 0730;
				ORGANIZATIONNAME = 1AM;
				TargetAttributes = {
					1ABE12D01C9744D0005923BA = {
						CreatedOnToolsVersion = 7.2.1;
						DevelopmentTeam = KUSAA5A9CW;
					};
				};
			};
			buildConfigurationList = 1ABE12CC1C9744D0005923BA /* Build configuration list for PBXProject "Roar" */;
			compatibilityVersion = "Xcode 3.2";
			developmentRegion = English;
			hasScannedForEncodings = 0;
			knownRegions = (
				en,
				Base,
			);
			mainGroup = 1ABE12C81C9744D0005923BA;
			productRefGroup = 1ABE12D21C9744D0005923BA /* Products */;
			projectDirPath = "";
			projectReferences = (
				{
					ProductGroup = 1ABE12F51C976A1F005923BA /* Products */;
					ProjectRef = 1ABE12F41C976A1F005923BA /* CryptoSwift.xcodeproj */;
				},
			);
			projectRoot = "";
			targets = (
				1ABE12D01C9744D0005923BA /* Roar */,
			);
		};
/* End PBXProject section */

/* Begin PBXReferenceProxy section */
		1ABE12FD1C976A1F005923BA /* CryptoSwift.framework */ = {
			isa = PBXReferenceProxy;
			fileType = wrapper.framework;
			path = CryptoSwift.framework;
			remoteRef = 1ABE12FC1C976A1F005923BA /* PBXContainerItemProxy */;
			sourceTree = BUILT_PRODUCTS_DIR;
		};
		1ABE12FF1C976A1F005923BA /* CryptoSwift.framework */ = {
			isa = PBXReferenceProxy;
			fileType = wrapper.framework;
			path = CryptoSwift.framework;
			remoteRef = 1ABE12FE1C976A1F005923BA /* PBXContainerItemProxy */;
			sourceTree = BUILT_PRODUCTS_DIR;
		};
		1ABE13011C976A1F005923BA /* CryptoSwift.framework */ = {
			isa = PBXReferenceProxy;
			fileType = wrapper.framework;
			path = CryptoSwift.framework;
			remoteRef = 1ABE13001C976A1F005923BA /* PBXContainerItemProxy */;
			sourceTree = BUILT_PRODUCTS_DIR;
		};
		1ABE13031C976A1F005923BA /* CryptoSwift.framework */ = {
			isa = PBXReferenceProxy;
			fileType = wrapper.framework;
			path = CryptoSwift.framework;
			remoteRef = 1ABE13021C976A1F005923BA /* PBXContainerItemProxy */;
			sourceTree = BUILT_PRODUCTS_DIR;
		};
		1ABE13051C976A1F005923BA /* CryptoSwiftTests.xctest */ = {
			isa = PBXReferenceProxy;
			fileType = wrapper.cfbundle;
			path = CryptoSwiftTests.xctest;
			remoteRef = 1ABE13041C976A1F005923BA /* PBXContainerItemProxy */;
			sourceTree = BUILT_PRODUCTS_DIR;
		};
/* End PBXReferenceProxy section */

/* Begin PBXResourcesBuildPhase section */
		1ABE12CF1C9744D0005923BA /* Resources */ = {
			isa = PBXResourcesBuildPhase;
			buildActionMask = 2147483647;
			files = (
				1ABE12E11C9744D0005923BA /* LaunchScreen.storyboard in Resources */,
				1ABE12F01C975321005923BA /* RoarTableViewCell.xib in Resources */,
				1ABE12DE1C9744D0005923BA /* Assets.xcassets in Resources */,
				1ABE12DC1C9744D0005923BA /* Main.storyboard in Resources */,
			);
			runOnlyForDeploymentPostprocessing = 0;
		};
/* End PBXResourcesBuildPhase section */

/* Begin PBXSourcesBuildPhase section */
		1ABE12CD1C9744D0005923BA /* Sources */ = {
			isa = PBXSourcesBuildPhase;
			buildActionMask = 2147483647;
			files = (
				1ABE12EC1C9751E6005923BA /* RoarMessage.swift in Sources */,
				1ABE12EE1C97521C005923BA /* RoarTableViewCell.swift in Sources */,
				1ABE12D91C9744D0005923BA /* RoarProfileViewController.swift in Sources */,
				1AF2D0671C97856300670C89 /* RoarComposeViewController.swift in Sources */,
				1ABE12D51C9744D0005923BA /* AppDelegate.swift in Sources */,
				1ABE12F21C9756A2005923BA /* RoarConnectivityController.swift in Sources */,
				1ABE12D71C9744D0005923BA /* RoarNavigationController.swift in Sources */,
				1ABE12EA1C9750A6005923BA /* RoarTableViewController.swift in Sources */,
			);
			runOnlyForDeploymentPostprocessing = 0;
		};
/* End PBXSourcesBuildPhase section */

/* Begin PBXTargetDependency section */
		1ABE13071C976A43005923BA /* PBXTargetDependency */ = {
			isa = PBXTargetDependency;
			name = "CryptoSwift iOS";
			targetProxy = 1ABE13061C976A43005923BA /* PBXContainerItemProxy */;
		};
		1ABE130C1C976A5A005923BA /* PBXTargetDependency */ = {
			isa = PBXTargetDependency;
			name = "CryptoSwift iOS";
			targetProxy = 1ABE130B1C976A5A005923BA /* PBXContainerItemProxy */;
		};
/* End PBXTargetDependency section */

/* Begin PBXVariantGroup section */
		1ABE12DA1C9744D0005923BA /* Main.storyboard */ = {
			isa = PBXVariantGroup;
			children = (
				1ABE12DB1C9744D0005923BA /* Base */,
			);
			name = Main.storyboard;
			sourceTree = "<group>";
		};
		1ABE12DF1C9744D0005923BA /* LaunchScreen.storyboard */ = {
			isa = PBXVariantGroup;
			children = (
				1ABE12E01C9744D0005923BA /* Base */,
			);
			name = LaunchScreen.storyboard;
			sourceTree = "<group>";
		};
/* End PBXVariantGroup section */

/* Begin XCBuildConfiguration section */
		1ABE12E31C9744D0005923BA /* Debug */ = {
			isa = XCBuildConfiguration;
			buildSettings = {
				ALWAYS_SEARCH_USER_PATHS = NO;
				CLANG_CXX_LANGUAGE_STANDARD = "gnu++0x";
				CLANG_CXX_LIBRARY = "libc++";
				CLANG_ENABLE_MODULES = YES;
				CLANG_ENABLE_OBJC_ARC = YES;
				CLANG_WARN_BOOL_CONVERSION = YES;
				CLANG_WARN_CONSTANT_CONVERSION = YES;
				CLANG_WARN_DIRECT_OBJC_ISA_USAGE = YES_ERROR;
				CLANG_WARN_EMPTY_BODY = YES;
				CLANG_WARN_ENUM_CONVERSION = YES;
				CLANG_WARN_INT_CONVERSION = YES;
				CLANG_WARN_OBJC_ROOT_CLASS = YES_ERROR;
				CLANG_WARN_UNREACHABLE_CODE = YES;
				CLANG_WARN__DUPLICATE_METHOD_MATCH = YES;
				"CODE_SIGN_IDENTITY[sdk=iphoneos*]" = "iPhone Developer";
				COPY_PHASE_STRIP = NO;
				DEBUG_INFORMATION_FORMAT = dwarf;
				ENABLE_STRICT_OBJC_MSGSEND = YES;
				ENABLE_TESTABILITY = YES;
				GCC_C_LANGUAGE_STANDARD = gnu99;
				GCC_DYNAMIC_NO_PIC = NO;
				GCC_NO_COMMON_BLOCKS = YES;
				GCC_OPTIMIZATION_LEVEL = 0;
				GCC_PREPROCESSOR_DEFINITIONS = (
					"DEBUG=1",
					"$(inherited)",
				);
				GCC_WARN_64_TO_32_BIT_CONVERSION = YES;
				GCC_WARN_ABOUT_RETURN_TYPE = YES_ERROR;
				GCC_WARN_UNDECLARED_SELECTOR = YES;
				GCC_WARN_UNINITIALIZED_AUTOS = YES_AGGRESSIVE;
				GCC_WARN_UNUSED_FUNCTION = YES;
				GCC_WARN_UNUSED_VARIABLE = YES;
				IPHONEOS_DEPLOYMENT_TARGET = 9.3;
				MTL_ENABLE_DEBUG_INFO = YES;
				ONLY_ACTIVE_ARCH = YES;
				SDKROOT = iphoneos;
				SWIFT_OPTIMIZATION_LEVEL = "-Onone";
			};
			name = Debug;
		};
		1ABE12E41C9744D0005923BA /* Release */ = {
			isa = XCBuildConfiguration;
			buildSettings = {
				ALWAYS_SEARCH_USER_PATHS = NO;
				CLANG_CXX_LANGUAGE_STANDARD = "gnu++0x";
				CLANG_CXX_LIBRARY = "libc++";
				CLANG_ENABLE_MODULES = YES;
				CLANG_ENABLE_OBJC_ARC = YES;
				CLANG_WARN_BOOL_CONVERSION = YES;
				CLANG_WARN_CONSTANT_CONVERSION = YES;
				CLANG_WARN_DIRECT_OBJC_ISA_USAGE = YES_ERROR;
				CLANG_WARN_EMPTY_BODY = YES;
				CLANG_WARN_ENUM_CONVERSION = YES;
				CLANG_WARN_INT_CONVERSION = YES;
				CLANG_WARN_OBJC_ROOT_CLASS = YES_ERROR;
				CLANG_WARN_UNREACHABLE_CODE = YES;
				CLANG_WARN__DUPLICATE_METHOD_MATCH = YES;
				"CODE_SIGN_IDENTITY[sdk=iphoneos*]" = "iPhone Developer";
				COPY_PHASE_STRIP = NO;
				DEBUG_INFORMATION_FORMAT = "dwarf-with-dsym";
				ENABLE_NS_ASSERTIONS = NO;
				ENABLE_STRICT_OBJC_MSGSEND = YES;
				GCC_C_LANGUAGE_STANDARD = gnu99;
				GCC_NO_COMMON_BLOCKS = YES;
				GCC_WARN_64_TO_32_BIT_CONVERSION = YES;
				GCC_WARN_ABOUT_RETURN_TYPE = YES_ERROR;
				GCC_WARN_UNDECLARED_SELECTOR = YES;
				GCC_WARN_UNINITIALIZED_AUTOS = YES_AGGRESSIVE;
				GCC_WARN_UNUSED_FUNCTION = YES;
				GCC_WARN_UNUSED_VARIABLE = YES;
				IPHONEOS_DEPLOYMENT_TARGET = 9.3;
				MTL_ENABLE_DEBUG_INFO = NO;
				SDKROOT = iphoneos;
				VALIDATE_PRODUCT = YES;
			};
			name = Release;
		};
		1ABE12E61C9744D0005923BA /* Debug */ = {
			isa = XCBuildConfiguration;
			buildSettings = {
				ASSETCATALOG_COMPILER_APPICON_NAME = AppIcon;
				CODE_SIGN_IDENTITY = "iPhone Developer";
				"CODE_SIGN_IDENTITY[sdk=iphoneos*]" = "iPhone Developer";
				EMBEDDED_CONTENT_CONTAINS_SWIFT = YES;
				INFOPLIST_FILE = Roar/Info.plist;
				LD_RUNPATH_SEARCH_PATHS = "$(inherited) @executable_path/Frameworks";
				PRODUCT_BUNDLE_IDENTIFIER = com.1am.Roarguhkpkj;
				PRODUCT_NAME = "$(TARGET_NAME)";
				PROVISIONING_PROFILE = "";
			};
			name = Debug;
		};
		1ABE12E71C9744D0005923BA /* Release */ = {
			isa = XCBuildConfiguration;
			buildSettings = {
				ASSETCATALOG_COMPILER_APPICON_NAME = AppIcon;
				CODE_SIGN_IDENTITY = "iPhone Developer";
				"CODE_SIGN_IDENTITY[sdk=iphoneos*]" = "iPhone Developer";
				EMBEDDED_CONTENT_CONTAINS_SWIFT = YES;
				INFOPLIST_FILE = Roar/Info.plist;
				LD_RUNPATH_SEARCH_PATHS = "$(inherited) @executable_path/Frameworks";
				PRODUCT_BUNDLE_IDENTIFIER = com.1am.Roarguhkpkj;
				PRODUCT_NAME = "$(TARGET_NAME)";
				PROVISIONING_PROFILE = "";
			};
			name = Release;
		};
/* End XCBuildConfiguration section */

/* Begin XCConfigurationList section */
		1ABE12CC1C9744D0005923BA /* Build configuration list for PBXProject "Roar" */ = {
			isa = XCConfigurationList;
			buildConfigurations = (
				1ABE12E31C9744D0005923BA /* Debug */,
				1ABE12E41C9744D0005923BA /* Release */,
			);
			defaultConfigurationIsVisible = 0;
			defaultConfigurationName = Release;
		};
		1ABE12E51C9744D0005923BA /* Build configuration list for PBXNativeTarget "Roar" */ = {
			isa = XCConfigurationList;
			buildConfigurations = (
				1ABE12E61C9744D0005923BA /* Debug */,
				1ABE12E71C9744D0005923BA /* Release */,
			);
			defaultConfigurationIsVisible = 0;
			defaultConfigurationName = Release;
		};
/* End XCConfigurationList section */
	};
	rootObject = 1ABE12C91C9744D0005923BA /* Project object */;
}
